
Microsoft Visual Studio Solution File, Format Version 12.00
# Visual Studio Version 17
VisualStudioVersion = 17.9.34902.65
MinimumVisualStudioVersion = 10.0.40219.1
Project("{FAE04EC0-301F-11D3-BF4B-00C04F79EFBC}") = "porTIEVserver.Application", "porTIEVserver.Application\porTIEVserver.Application.csproj", "{056D2B9C-56BC-431A-9C35-648FC96A7F10}"
EndProject
Project("{FAE04EC0-301F-11D3-BF4B-00C04F79EFBC}") = "porTIEVserver.Domain", "porTIEVserver.Domain\porTIEVserver.Domain.csproj", "{C9D4128D-E8E3-47DA-9C43-9359C72F90A0}"
EndProject
Project("{FAE04EC0-301F-11D3-BF4B-00C04F79EFBC}") = "porTIEVserver.Infrastructure", "porTIEVserver.Infrastructure\porTIEVserver.Infrastructure.csproj", "{7CA05606-0346-4D04-8DC6-0A0BC4748EE2}"
EndProject
Project("{FAE04EC0-301F-11D3-BF4B-00C04F79EFBC}") = "porTIEVserver.WebAPI", "porTIEVserver.WebAPI\porTIEVserver.WebAPI.csproj", "{B8A9035F-DD65-4654-A4BC-00D84B4ADB59}"
EndProject
Global
	GlobalSection(SolutionConfigurationPlatforms) = preSolution
		Debug|Any CPU = Debug|Any CPU
		Release|Any CPU = Release|Any CPU
	EndGlobalSection
	GlobalSection(ProjectConfigurationPlatforms) = postSolution
		{056D2B9C-56BC-431A-9C35-648FC96A7F10}.Debug|Any CPU.ActiveCfg = Debug|Any CPU
		{056D2B9C-56BC-431A-9C35-648FC96A7F10}.Debug|Any CPU.Build.0 = Debug|Any CPU
		{056D2B9C-56BC-431A-9C35-648FC96A7F10}.Release|Any CPU.ActiveCfg = Release|Any CPU
		{056D2B9C-56BC-431A-9C35-648FC96A7F10}.Release|Any CPU.Build.0 = Release|Any CPU
		{C9D4128D-E8E3-47DA-9C43-9359C72F90A0}.Debug|Any CPU.ActiveCfg = Debug|Any CPU
		{C9D4128D-E8E3-47DA-9C43-9359C72F90A0}.Debug|Any CPU.Build.0 = Debug|Any CPU
		{C9D4128D-E8E3-47DA-9C43-9359C72F90A0}.Release|Any CPU.ActiveCfg = Release|Any CPU
		{C9D4128D-E8E3-47DA-9C43-9359C72F90A0}.Release|Any CPU.Build.0 = Release|Any CPU
		{7CA05606-0346-4D04-8DC6-0A0BC4748EE2}.Debug|Any CPU.ActiveCfg = Debug|Any CPU
		{7CA05606-0346-4D04-8DC6-0A0BC4748EE2}.Debug|Any CPU.Build.0 = Debug|Any CPU
		{7CA05606-0346-4D04-8DC6-0A0BC4748EE2}.Release|Any CPU.ActiveCfg = Release|Any CPU
		{7CA05606-0346-4D04-8DC6-0A0BC4748EE2}.Release|Any CPU.Build.0 = Release|Any CPU
		{B8A9035F-DD65-4654-A4BC-00D84B4ADB59}.Debug|Any CPU.ActiveCfg = Debug|Any CPU
		{B8A9035F-DD65-4654-A4BC-00D84B4ADB59}.Debug|Any CPU.Build.0 = Debug|Any CPU
		{B8A9035F-DD65-4654-A4BC-00D84B4ADB59}.Release|Any CPU.ActiveCfg = Release|Any CPU
		{B8A9035F-DD65-4654-A4BC-00D84B4ADB59}.Release|Any CPU.Build.0 = Release|Any CPU
	EndGlobalSection
	GlobalSection(SolutionProperties) = preSolution
		HideSolutionNode = FALSE
	EndGlobalSection
	GlobalSection(ExtensibilityGlobals) = postSolution
		SolutionGuid = {9510813D-10D7-4073-8A74-F5D21E86CF41}
	EndGlobalSection
EndGlobal
